
Microsoft Visual Studio Solution File, Format Version 12.00
# Visual Studio Version 17
VisualStudioVersion = 17.14.36915.13 d17.14
MinimumVisualStudioVersion = 10.0.40219.1
Project("{FAE04EC0-301F-11D3-BF4B-00C04F79EFBC}") = "JuegoEscaperoom", "JuegoEscaperoom\JuegoEscaperoom.csproj", "{A385C67B-2D54-44B4-B91C-70F4E328B3C0}"
EndProject
Global
	GlobalSection(SolutionConfigurationPlatforms) = preSolution
		Debug|Any CPU = Debug|Any CPU
		Release|Any CPU = Release|Any CPU
	EndGlobalSection
	GlobalSection(ProjectConfigurationPlatforms) = postSolution
		{A385C67B-2D54-44B4-B91C-70F4E328B3C0}.Debug|Any CPU.ActiveCfg = Debug|Any CPU
		{A385C67B-2D54-44B4-B91C-70F4E328B3C0}.Debug|Any CPU.Build.0 = Debug|Any CPU
		{A385C67B-2D54-44B4-B91C-70F4E328B3C0}.Release|Any CPU.ActiveCfg = Release|Any CPU
		{A385C67B-2D54-44B4-B91C-70F4E328B3C0}.Release|Any CPU.Build.0 = Release|Any CPU
	EndGlobalSection
	GlobalSection(SolutionProperties) = preSolution
		HideSolutionNode = FALSE
	EndGlobalSection
	GlobalSection(ExtensibilityGlobals) = postSolution
		SolutionGuid = {9946C573-CC9E-4863-897A-3D9A0D98ED2C}
	EndGlobalSection
EndGlobal
